Microsoft Visual Studio Solution File, Format Version 11.00
# Visual Studio 2008

Project("{A1A76806-1C6A-6ADB-8928-C4875EFCD4E2}") = "Economy_Game - kopie", "Assembly-CSharp-vs.csproj", "{894E6004-9178-906B-39DA-65E8E4A064FA}"
EndProject
Project("{A1A76806-1C6A-6ADB-8928-C4875EFCD4E2}") = "Economy_Game - kopie", "Assembly-CSharp-Editor-vs.csproj", "{F3828EB8-FAA2-9CBE-18F9-3EA530421966}"
EndProject
Global
	GlobalSection(SolutionConfigurationPlatforms) = preSolution
		Debug|Any CPU = Debug|Any CPU
		Release|Any CPU = Release|Any CPU
	EndGlobalSection
	GlobalSection(ProjectConfigurationPlatforms) = postSolution
		{894E6004-9178-906B-39DA-65E8E4A064FA}.Debug|Any CPU.ActiveCfg = Debug|Any CPU
		{894E6004-9178-906B-39DA-65E8E4A064FA}.Debug|Any CPU.Build.0 = Debug|Any CPU
		{894E6004-9178-906B-39DA-65E8E4A064FA}.Release|Any CPU.ActiveCfg = Release|Any CPU
		{894E6004-9178-906B-39DA-65E8E4A064FA}.Release|Any CPU.Build.0 = Release|Any CPU
		{F3828EB8-FAA2-9CBE-18F9-3EA530421966}.Debug|Any CPU.ActiveCfg = Debug|Any CPU
		{F3828EB8-FAA2-9CBE-18F9-3EA530421966}.Debug|Any CPU.Build.0 = Debug|Any CPU
		{F3828EB8-FAA2-9CBE-18F9-3EA530421966}.Release|Any CPU.ActiveCfg = Release|Any CPU
		{F3828EB8-FAA2-9CBE-18F9-3EA530421966}.Release|Any CPU.Build.0 = Release|Any CPU
	EndGlobalSection
	GlobalSection(SolutionProperties) = preSolution
		HideSolutionNode = FALSE
	EndGlobalSection
			GlobalSection(MonoDevelopProperties) = preSolution
		StartupItem = Assembly-CSharp.csproj
		Policies = $0
		$0.TextStylePolicy = $1
		$1.inheritsSet = null
		$1.scope = text/x-csharp
		$0.CSharpFormattingPolicy = $2
		$2.inheritsSet = Mono
		$2.inheritsScope = text/x-csharp
		$2.scope = text/x-csharp
		$0.TextStylePolicy = $3
		$3.FileWidth = 120
		$3.TabWidth = 4
		$3.IndentWidth = 4
		$3.EolMarker = Unix
		$3.inheritsSet = Mono
		$3.inheritsScope = text/plain
		$3.scope = text/plain
	EndGlobalSection

EndGlobal
