Microsoft Visual Studio Solution File, Format Version 11.00
# Visual Studio 2008

Project("{BA160506-95E6-73E4-EAD2-AB1D02AA7DBB}") = "TheMadFool_bossfight(versie 2-11 19u)", "Assembly-CSharp-vs.csproj", "{D6F2F5A7-148B-BCE4-9256-5EF5E73B0F0C}"
EndProject
Project("{BA160506-95E6-73E4-EAD2-AB1D02AA7DBB}") = "TheMadFool_bossfight(versie 2-11 19u)", "Assembly-CSharp-Editor-vs.csproj", "{6E0CD1A7-9515-23BF-9DBA-F14822811A74}"
EndProject
Global
	GlobalSection(SolutionConfigurationPlatforms) = preSolution
		Debug|Any CPU = Debug|Any CPU
		Release|Any CPU = Release|Any CPU
	EndGlobalSection
	GlobalSection(ProjectConfigurationPlatforms) = postSolution
		{D6F2F5A7-148B-BCE4-9256-5EF5E73B0F0C}.Debug|Any CPU.ActiveCfg = Debug|Any CPU
		{D6F2F5A7-148B-BCE4-9256-5EF5E73B0F0C}.Debug|Any CPU.Build.0 = Debug|Any CPU
		{D6F2F5A7-148B-BCE4-9256-5EF5E73B0F0C}.Release|Any CPU.ActiveCfg = Release|Any CPU
		{D6F2F5A7-148B-BCE4-9256-5EF5E73B0F0C}.Release|Any CPU.Build.0 = Release|Any CPU
		{6E0CD1A7-9515-23BF-9DBA-F14822811A74}.Debug|Any CPU.ActiveCfg = Debug|Any CPU
		{6E0CD1A7-9515-23BF-9DBA-F14822811A74}.Debug|Any CPU.Build.0 = Debug|Any CPU
		{6E0CD1A7-9515-23BF-9DBA-F14822811A74}.Release|Any CPU.ActiveCfg = Release|Any CPU
		{6E0CD1A7-9515-23BF-9DBA-F14822811A74}.Release|Any CPU.Build.0 = Release|Any CPU
	EndGlobalSection
	GlobalSection(SolutionProperties) = preSolution
		HideSolutionNode = FALSE
	EndGlobalSection
		GlobalSection(MonoDevelopProperties) = preSolution
		StartupItem = Assembly-CSharp.csproj
		Policies = $0
		$0.TextStylePolicy = $1
		$1.inheritsSet = null
		$1.scope = text/x-csharp
		$0.CSharpFormattingPolicy = $2
		$2.inheritsSet = Mono
		$2.inheritsScope = text/x-csharp
		$2.scope = text/x-csharp
		$0.TextStylePolicy = $3
		$3.FileWidth = 120
		$3.TabWidth = 4
		$3.IndentWidth = 4
		$3.EolMarker = Unix
		$3.inheritsSet = Mono
		$3.inheritsScope = text/plain
		$3.scope = text/plain
	EndGlobalSection

EndGlobal
